
Microsoft Visual Studio Solution File, Format Version 12.00
# Visual Studio 15
VisualStudioVersion = 15.0.27004.2010
MinimumVisualStudioVersion = 10.0.40219.1
Project("{FAE04EC0-301F-11D3-BF4B-00C04F79EFBC}") = "School.WEB", "School.WEB\School.WEB.csproj", "{77C8103C-FFA1-4D80-920B-54846C89EC0D}"
EndProject
Project("{FAE04EC0-301F-11D3-BF4B-00C04F79EFBC}") = "School.DAL", "School.DAL\School.DAL.csproj", "{4F91FBA6-22D2-4FD5-8F2A-14931BABEE4F}"
EndProject
Project("{FAE04EC0-301F-11D3-BF4B-00C04F79EFBC}") = "School.BLL", "School.BLL\School.BLL.csproj", "{C6A43269-59E6-489A-9D76-D12F50A3A8BB}"
EndProject
Global
	GlobalSection(SolutionConfigurationPlatforms) = preSolution
		Debug|Any CPU = Debug|Any CPU
		Release|Any CPU = Release|Any CPU
	EndGlobalSection
	GlobalSection(ProjectConfigurationPlatforms) = postSolution
		{77C8103C-FFA1-4D80-920B-54846C89EC0D}.Debug|Any CPU.ActiveCfg = Debug|Any CPU
		{77C8103C-FFA1-4D80-920B-54846C89EC0D}.Debug|Any CPU.Build.0 = Debug|Any CPU
		{77C8103C-FFA1-4D80-920B-54846C89EC0D}.Release|Any CPU.ActiveCfg = Release|Any CPU
		{77C8103C-FFA1-4D80-920B-54846C89EC0D}.Release|Any CPU.Build.0 = Release|Any CPU
		{4F91FBA6-22D2-4FD5-8F2A-14931BABEE4F}.Debug|Any CPU.ActiveCfg = Debug|Any CPU
		{4F91FBA6-22D2-4FD5-8F2A-14931BABEE4F}.Debug|Any CPU.Build.0 = Debug|Any CPU
		{4F91FBA6-22D2-4FD5-8F2A-14931BABEE4F}.Release|Any CPU.ActiveCfg = Release|Any CPU
		{4F91FBA6-22D2-4FD5-8F2A-14931BABEE4F}.Release|Any CPU.Build.0 = Release|Any CPU
		{C6A43269-59E6-489A-9D76-D12F50A3A8BB}.Debug|Any CPU.ActiveCfg = Debug|Any CPU
		{C6A43269-59E6-489A-9D76-D12F50A3A8BB}.Debug|Any CPU.Build.0 = Debug|Any CPU
		{C6A43269-59E6-489A-9D76-D12F50A3A8BB}.Release|Any CPU.ActiveCfg = Release|Any CPU
		{C6A43269-59E6-489A-9D76-D12F50A3A8BB}.Release|Any CPU.Build.0 = Release|Any CPU
	EndGlobalSection
	GlobalSection(SolutionProperties) = preSolution
		HideSolutionNode = FALSE
	EndGlobalSection
	GlobalSection(ExtensibilityGlobals) = postSolution
		SolutionGuid = {7A6BF23E-494B-4C18-B2C1-2B08BE4216C0}
	EndGlobalSection
EndGlobal
